{
  "name": "npm-diff-worker",
  "version": "0.1.0",
  "lockfileVersion": 3,
  "requires": true,
  "packages": {
    "": {
      "name": "npm-diff-worker",
      "version": "0.1.0",
      "license": "MIT",
      "dependencies": {
        "aws4fetch": "^1.0.20",
        "binary-extensions": "^3.0.0",
        "diff": "^7.0.0",
        "modern-tar": "^0.7.2"
      },
      "devDependencies": {
        "@types/diff": "^7.0.2",
        "typescript": "^5.0.0"
      },
      "engines": {
        "node": ">=22"
      }
    },
    "node_modules/@types/diff": {
      "version": "7.0.2",
      "resolved": "https://registry.npmjs.org/@types/diff/-/diff-7.0.2.tgz",
      "integrity": "sha512-JSWRMozjFKsGlEjiiKajUjIJVKuKdE3oVy2DNtK+fUo8q82nhFZ2CPQwicAIkXrofahDXrWJ7mjelvZphMS98Q==",
      "dev": true,
      "license": "MIT"
    },
    "node_modules/aws4fetch": {
      "version": "1.0.20",
      "resolved": "https://registry.npmjs.org/aws4fetch/-/aws4fetch-1.0.20.tgz",
      "integrity": "sha512-/djoAN709iY65ETD6LKCtyyEI04XIBP5xVvfmNxsEP0uJB5tyaGBztSryRr4HqMStr9R06PisQE7m9zDTXKu6g==",
      "license": "MIT"
    },
    "node_modules/binary-extensions": {
      "version": "3.1.0",
      "resolved": "https://registry.npmjs.org/binary-extensions/-/binary-extensions-3.1.0.tgz",
      "integrity": "sha512-Jvvd9hy1w+xUad8+ckQsWA/V1AoyubOvqn0aygjMOVM4BfIaRav1NFS3LsTSDaV4n4FtcCtQXvzep1E6MboqwQ==",
      "license": "MIT",
      "engines": {
        "node": ">=18.20"
      },
      "funding": {
        "url": "https://github.com/sponsors/sindresorhus"
      }
    },
    "node_modules/diff": {
      "version": "7.0.0",
      "resolved": "https://registry.npmjs.org/diff/-/diff-7.0.0.tgz",
      "integrity": "sha512-PJWHUb1RFevKCwaFA9RlG5tCd+FO5iRh9A8HEtkmBH2Li03iJriB6m6JIN4rGz3K3JLawI7/veA1xzRKP6ISBw==",
      "license": "BSD-3-Clause",
      "engines": {
        "node": ">=0.3.1"
      }
    },
    "node_modules/modern-tar": {
      "version": "0.7.2",
      "resolved": "https://registry.npmjs.org/modern-tar/-/modern-tar-0.7.2.tgz",
      "integrity": "sha512-TGG1ZRk1TAQ3neuZwahAHke3rKsSlro+ooMYtjh9sl2gGPVMLMuWiHgwC7im9T5bSM566RSo2Dko56ETgEvZcA==",
      "license": "MIT",
      "engines": {
        "node": ">=18.0.0"
      }
    },
    "node_modules/typescript": {
      "version": "5.9.3",
      "resolved": "https://registry.npmjs.org/typescript/-/typescript-5.9.3.tgz",
      "integrity": "sha512-jl1vZzPDinLr9eUt3J/t7V6FgNEw9QjvBPdysz9KfQDD41fQrC2Y4vKQdiaUpFT4bXlb1RHhLpp8wtm6M5TgSw==",
      "dev": true,
      "license": "Apache-2.0",
      "bin": {
        "tsc": "bin/tsc",
        "tsserver": "bin/tsserver"
      },
      "engines": {
        "node": ">=14.17"
      }
    }
  }
}
