lockfileVersion: '9.0'

settings:
  autoInstallPeers: true
  excludeLinksFromLockfile: false

importers:

  .:
    dependencies:
      aws4fetch:
        specifier: ^1.0.20
        version: 1.0.20
      binary-extensions:
        specifier: ^3.0.0
        version: 3.1.0
      diff:
        specifier: ^7.0.0
        version: 7.0.0
      modern-tar:
        specifier: ^0.7.2
        version: 0.7.3
    devDependencies:
      '@types/diff':
        specifier: ^7.0.2
        version: 7.0.2
      '@types/node':
        specifier: ^24.10.1
        version: 24.10.4
      typescript:
        specifier: ^5.0.0
        version: 5.9.3

packages:

  '@types/diff@7.0.2':
    resolution: {integrity: sha512-JSWRMozjFKsGlEjiiKajUjIJVKuKdE3oVy2DNtK+fUo8q82nhFZ2CPQwicAIkXrofahDXrWJ7mjelvZphMS98Q==}

  '@types/node@24.10.4':
    resolution: {integrity: sha512-vnDVpYPMzs4wunl27jHrfmwojOGKya0xyM3sH+UE5iv5uPS6vX7UIoh6m+vQc5LGBq52HBKPIn/zcSZVzeDEZg==}

  aws4fetch@1.0.20:
    resolution: {integrity: sha512-/djoAN709iY65ETD6LKCtyyEI04XIBP5xVvfmNxsEP0uJB5tyaGBztSryRr4HqMStr9R06PisQE7m9zDTXKu6g==}

  binary-extensions@3.1.0:
    resolution: {integrity: sha512-Jvvd9hy1w+xUad8+ckQsWA/V1AoyubOvqn0aygjMOVM4BfIaRav1NFS3LsTSDaV4n4FtcCtQXvzep1E6MboqwQ==}
    engines: {node: '>=18.20'}

  diff@7.0.0:
    resolution: {integrity: sha512-PJWHUb1RFevKCwaFA9RlG5tCd+FO5iRh9A8HEtkmBH2Li03iJriB6m6JIN4rGz3K3JLawI7/veA1xzRKP6ISBw==}
    engines: {node: '>=0.3.1'}

  modern-tar@0.7.3:
    resolution: {integrity: sha512-4W79zekKGyYU4JXVmB78DOscMFaJth2gGhgfTl2alWE4rNe3nf4N2pqenQ0rEtIewrnD79M687Ouba3YGTLOvg==}
    engines: {node: '>=18.0.0'}

  typescript@5.9.3:
    resolution: {integrity: sha512-jl1vZzPDinLr9eUt3J/t7V6FgNEw9QjvBPdysz9KfQDD41fQrC2Y4vKQdiaUpFT4bXlb1RHhLpp8wtm6M5TgSw==}
    engines: {node: '>=14.17'}
    hasBin: true

  undici-types@7.16.0:
    resolution: {integrity: sha512-Zz+aZWSj8LE6zoxD+xrjh4VfkIG8Ya6LvYkZqtUQGJPZjYl53ypCaUwWqo7eI0x66KBGeRo+mlBEkMSeSZ38Nw==}

snapshots:

  '@types/diff@7.0.2': {}

  '@types/node@24.10.4':
    dependencies:
      undici-types: 7.16.0

  aws4fetch@1.0.20: {}

  binary-extensions@3.1.0: {}

  diff@7.0.0: {}

  modern-tar@0.7.3: {}

  typescript@5.9.3: {}

  undici-types@7.16.0: {}
